
Microsoft Visual Studio Solution File, Format Version 12.00
# Visual Studio Version 16
VisualStudioVersion = 16.0.30717.126
MinimumVisualStudioVersion = 10.0.40219.1
Project("{FAE04EC0-301F-11D3-BF4B-00C04F79EFBC}") = "WpfActionPractice", "WpfActionPractice\WpfActionPractice.csproj", "{6B6215AD-2C88-4087-8B95-959A11E70BFD}"
EndProject
Global
	GlobalSection(SolutionConfigurationPlatforms) = preSolution
		Debug|Any CPU = Debug|Any CPU
		Release|Any CPU = Release|Any CPU
	EndGlobalSection
	GlobalSection(ProjectConfigurationPlatforms) = postSolution
		{6B6215AD-2C88-4087-8B95-959A11E70BFD}.Debug|Any CPU.ActiveCfg = Debug|Any CPU
		{6B6215AD-2C88-4087-8B95-959A11E70BFD}.Debug|Any CPU.Build.0 = Debug|Any CPU
		{6B6215AD-2C88-4087-8B95-959A11E70BFD}.Release|Any CPU.ActiveCfg = Release|Any CPU
		{6B6215AD-2C88-4087-8B95-959A11E70BFD}.Release|Any CPU.Build.0 = Release|Any CPU
	EndGlobalSection
	GlobalSection(SolutionProperties) = preSolution
		HideSolutionNode = FALSE
	EndGlobalSection
	GlobalSection(ExtensibilityGlobals) = postSolution
		SolutionGuid = {596DFC87-B91C-45B9-8179-73D32B4EBD7B}
	EndGlobalSection
EndGlobal
